<?xml version="1.0" encoding="utf-8"?>
<Project ToolsVersion="4.0" xmlns="http://schemas.microsoft.com/developer/msbuild/2003">
  <ItemGroup>
    <ClCompile Include="Source\Core\game.cpp" />
    <ClCompile Include="Source\Core\gameDoc.cpp" />
    <ClCompile Include="Source\Core\gameView.cpp" />
    <ClCompile Include="Source\Core\MainFrm.cpp" />
    <ClCompile Include="Source\Core\StdAfx.cpp" />
    <ClCompile Include="Source\Game\mygame_initialize.cpp" />
    <ClCompile Include="Source\Game\mygame_over.cpp" />
    <ClCompile Include="Source\Game\mygame_run.cpp" />
    <ClCompile Include="Source\Library\audio.cpp" />
    <ClCompile Include="Source\Library\gamecore.cpp" />
    <ClCompile Include="Source\Library\gameutil.cpp" />
    <ClCompile Include="Source\Source\cpp\boss1.cpp" />
    <ClCompile Include="Source\Source\cpp\boss1_canno.cpp" />
    <ClCompile Include="Source\Source\cpp\Bullet.cpp" />
    <ClCompile Include="Source\Source\cpp\Character.cpp" />
    <ClCompile Include="Source\Source\cpp\Firework.cpp" />
    <ClCompile Include="Source\Source\cpp\GameStorage.cpp" />
    <ClCompile Include="Source\Source\cpp\Grenade.cpp" />
    <ClCompile Include="Source\Source\cpp\Ground.cpp" />
    <ClCompile Include="Source\Source\cpp\MapObject.cpp" />
    <ClCompile Include="Source\Source\cpp\Marco.cpp" />
    <ClCompile Include="Source\Source\cpp\Prisoner.cpp" />
    <ClCompile Include="Source\Source\cpp\Soldier.cpp" />
    <ClCompile Include="Source\Source\cpp\Boss1_laser.cpp" />
    <ClCompile Include="Source\Source\cpp\boss1_fire.cpp" />
    <ClCompile Include="Source\Source\cpp\RShobu.cpp" />
    <ClCompile Include="Source\Source\cpp\RShobuBomb.cpp" />
    <ClCompile Include="Source\Source\cpp\tank.cpp" />
    <ClCompile Include="Source\Source\cpp\tank_ barrel.cpp" />
    <ClCompile Include="Source\Source\cpp\tank_bullet.cpp" />
  </ItemGroup>
  <ItemGroup>
    <ClInclude Include="Source\Core\Game.h" />
    <ClInclude Include="Source\Core\gameDoc.h" />
    <ClInclude Include="Source\Core\gameView.h" />
    <ClInclude Include="Source\Core\MainFrm.h" />
    <ClInclude Include="Source\Core\Resource.h" />
    <ClInclude Include="Source\Core\StdAfx.h" />
    <ClInclude Include="Source\Game\config.h" />
    <ClInclude Include="Source\Game\mygame.h" />
    <ClInclude Include="Source\Library\audio.h" />
    <ClInclude Include="Source\Library\gamecore.h" />
    <ClInclude Include="Source\Library\gameutil.h" />
    <ClInclude Include="Source\Source\header\Boss1.h" />
    <ClInclude Include="Source\Source\header\boss1_canno.h" />
    <ClInclude Include="Source\Source\header\Bullet.h" />
    <ClInclude Include="Source\Source\header\Character.h" />
    <ClInclude Include="Source\Source\header\Firework.h" />
    <ClInclude Include="Source\Source\header\GameStorage.h" />
    <ClInclude Include="Source\Source\header\Grenade.h" />
    <ClInclude Include="Source\Source\header\Ground.h" />
    <ClInclude Include="Source\Source\header\MapObject.h" />
    <ClInclude Include="Source\Source\header\Marco.h" />
    <ClInclude Include="Source\Source\header\Prisoner.h" />
    <ClInclude Include="Source\Source\header\Soldier.h" />
    <ClInclude Include="Source\Source\header\Boss1_laser.h" />
    <ClInclude Include="Source\Source\header\boss1_fire.h" />
    <ClInclude Include="Source\Source\header\RShobu.h" />
    <ClInclude Include="Source\Source\header\RShobuBomb.h" />
    <ClInclude Include="Source\Source\header\tank.h" />
    <ClInclude Include="Source\Source\header\tank_ barrel.h" />
    <ClInclude Include="Source\Source\header\tank_bullet.h" />
  </ItemGroup>
  <ItemGroup>
    <ResourceCompile Include="Source\Core\game.rc" />
  </ItemGroup>
  <ItemGroup>
    <None Include="RES\GAME.RC2" />
  </ItemGroup>
</Project>